
Microsoft Visual Studio Solution File, Format Version 12.00
# Visual Studio Version 16
VisualStudioVersion = 16.0.29326.143
MinimumVisualStudioVersion = 10.0.40219.1
Project("{FAE04EC0-301F-11D3-BF4B-00C04F79EFBC}") = "Demo", "Demo\Demo.csproj", "{3A001E2E-D737-4027-AEB1-2785AC075490}"
EndProject
Global
	GlobalSection(SolutionConfigurationPlatforms) = preSolution
		Debug|Any CPU = Debug|Any CPU
		Release|Any CPU = Release|Any CPU
	EndGlobalSection
	GlobalSection(ProjectConfigurationPlatforms) = postSolution
		{3A001E2E-D737-4027-AEB1-2785AC075490}.Debug|Any CPU.ActiveCfg = Debug|Any CPU
		{3A001E2E-D737-4027-AEB1-2785AC075490}.Debug|Any CPU.Build.0 = Debug|Any CPU
		{3A001E2E-D737-4027-AEB1-2785AC075490}.Release|Any CPU.ActiveCfg = Release|Any CPU
		{3A001E2E-D737-4027-AEB1-2785AC075490}.Release|Any CPU.Build.0 = Release|Any CPU
	EndGlobalSection
	GlobalSection(SolutionProperties) = preSolution
		HideSolutionNode = FALSE
	EndGlobalSection
	GlobalSection(ExtensibilityGlobals) = postSolution
		SolutionGuid = {3D66FEBB-EEBD-4284-9937-552F335FAD94}
	EndGlobalSection
EndGlobal
